// !$*UTF8*$!
{
	archiveVersion = 1;
	classes = {
	};
	objectVersion = 56;
	objects = {

/* Begin PBXBuildFile section */
		F03C5CC92B1B581E00A4C281 /* UberApp.swift in Sources */ = {isa = PBXBuildFile; fileRef = F03C5CC82B1B581E00A4C281 /* UberApp.swift */; };
		F03C5CCD2B1B581E00A4C281 /* Assets.xcassets in Resources */ = {isa = PBXBuildFile; fileRef = F03C5CCC2B1B581E00A4C281 /* Assets.xcassets */; };
		F03C5CD02B1B581E00A4C281 /* Preview Assets.xcassets in Resources */ = {isa = PBXBuildFile; fileRef = F03C5CCF2B1B581E00A4C281 /* Preview Assets.xcassets */; };
		F0736B2A2B1FB273007FC653 /* LocationSearchViewModel.swift in Sources */ = {isa = PBXBuildFile; fileRef = F0736B292B1FB273007FC653 /* LocationSearchViewModel.swift */; };
		F0873F922B1DE0CB00758AE4 /* LocationSearchActivationView.swift in Sources */ = {isa = PBXBuildFile; fileRef = F0873F912B1DE0CB00758AE4 /* LocationSearchActivationView.swift */; };
		F0873F942B1DE1C800758AE4 /* MapViewActionButton.swift in Sources */ = {isa = PBXBuildFile; fileRef = F0873F932B1DE1C800758AE4 /* MapViewActionButton.swift */; };
		F0873F962B1DE31E00758AE4 /* LocationSearchView.swift in Sources */ = {isa = PBXBuildFile; fileRef = F0873F952B1DE31E00758AE4 /* LocationSearchView.swift */; };
		F0873F982B1DE4E100758AE4 /* LocationSearchResultCell.swift in Sources */ = {isa = PBXBuildFile; fileRef = F0873F972B1DE4E100758AE4 /* LocationSearchResultCell.swift */; };
		F0A02D092B1D141D0028712E /* HomeView.swift in Sources */ = {isa = PBXBuildFile; fileRef = F0A02D082B1D141D0028712E /* HomeView.swift */; };
		F0A02D0C2B1D14710028712E /* UberMapViewRepresentable.swift in Sources */ = {isa = PBXBuildFile; fileRef = F0A02D0B2B1D14710028712E /* UberMapViewRepresentable.swift */; };
		F0A02D0E2B1D15FB0028712E /* LocationManager.swift in Sources */ = {isa = PBXBuildFile; fileRef = F0A02D0D2B1D15FB0028712E /* LocationManager.swift */; };
/* End PBXBuildFile section */

/* Begin PBXFileReference section */
		F03C5CC52B1B581E00A4C281 /* Uber.app */ = {isa = PBXFileReference; explicitFileType = wrapper.application; includeInIndex = 0; path = Uber.app; sourceTree = BUILT_PRODUCTS_DIR; };
		F03C5CC82B1B581E00A4C281 /* UberApp.swift */ = {isa = PBXFileReference; lastKnownFileType = sourcecode.swift; path = UberApp.swift; sourceTree = "<group>"; };
		F03C5CCC2B1B581E00A4C281 /* Assets.xcassets */ = {isa = PBXFileReference; lastKnownFileType = folder.assetcatalog; path = Assets.xcassets; sourceTree = "<group>"; };
		F03C5CCF2B1B581E00A4C281 /* Preview Assets.xcassets */ = {isa = PBXFileReference; lastKnownFileType = folder.assetcatalog; path = "Preview Assets.xcassets"; sourceTree = "<group>"; };
		F0736B292B1FB273007FC653 /* LocationSearchViewModel.swift */ = {isa = PBXFileReference; lastKnownFileType = sourcecode.swift; path = LocationSearchViewModel.swift; sourceTree = "<group>"; };
		F0873F912B1DE0CB00758AE4 /* LocationSearchActivationView.swift */ = {isa = PBXFileReference; lastKnownFileType = sourcecode.swift; path = LocationSearchActivationView.swift; sourceTree = "<group>"; };
		F0873F932B1DE1C800758AE4 /* MapViewActionButton.swift */ = {isa = PBXFileReference; lastKnownFileType = sourcecode.swift; path = MapViewActionButton.swift; sourceTree = "<group>"; };
		F0873F952B1DE31E00758AE4 /* LocationSearchView.swift */ = {isa = PBXFileReference; lastKnownFileType = sourcecode.swift; path = LocationSearchView.swift; sourceTree = "<group>"; };
		F0873F972B1DE4E100758AE4 /* LocationSearchResultCell.swift */ = {isa = PBXFileReference; lastKnownFileType = sourcecode.swift; path = LocationSearchResultCell.swift; sourceTree = "<group>"; };
		F0A02D082B1D141D0028712E /* HomeView.swift */ = {isa = PBXFileReference; lastKnownFileType = sourcecode.swift; path = HomeView.swift; sourceTree = "<group>"; };
		F0A02D0B2B1D14710028712E /* UberMapViewRepresentable.swift */ = {isa = PBXFileReference; lastKnownFileType = sourcecode.swift; path = UberMapViewRepresentable.swift; sourceTree = "<group>"; };
		F0A02D0D2B1D15FB0028712E /* LocationManager.swift */ = {isa = PBXFileReference; lastKnownFileType = sourcecode.swift; path = LocationManager.swift; sourceTree = "<group>"; };
/* End PBXFileReference section */

/* Begin PBXFrameworksBuildPhase section */
		F03C5CC22B1B581E00A4C281 /* Frameworks */ = {
			isa = PBXFrameworksBuildPhase;
			buildActionMask = 2147483647;
			files = (
			);
			runOnlyForDeploymentPostprocessing = 0;
		};
/* End PBXFrameworksBuildPhase section */

/* Begin PBXGroup section */
		F03C5CBC2B1B581E00A4C281 = {
			isa = PBXGroup;
			children = (
				F03C5CC72B1B581E00A4C281 /* Uber */,
				F03C5CC62B1B581E00A4C281 /* Products */,
			);
			sourceTree = "<group>";
		};
		F03C5CC62B1B581E00A4C281 /* Products */ = {
			isa = PBXGroup;
			children = (
				F03C5CC52B1B581E00A4C281 /* Uber.app */,
			);
			name = Products;
			sourceTree = "<group>";
		};
		F03C5CC72B1B581E00A4C281 /* Uber */ = {
			isa = PBXGroup;
			children = (
				F0A02D042B1D13E50028712E /* App */,
				F0A02D032B1D13E50028712E /* Core */,
				F0A02D022B1D13E40028712E /* Extensions */,
				F0A02D012B1D13E30028712E /* Managers */,
				F0A02D002B1D13E20028712E /* Models */,
				F03C5CCC2B1B581E00A4C281 /* Assets.xcassets */,
				F03C5CCE2B1B581E00A4C281 /* Preview Content */,
			);
			path = Uber;
			sourceTree = "<group>";
		};
		F03C5CCE2B1B581E00A4C281 /* Preview Content */ = {
			isa = PBXGroup;
			children = (
				F03C5CCF2B1B581E00A4C281 /* Preview Assets.xcassets */,
			);
			path = "Preview Content";
			sourceTree = "<group>";
		};
		F0873F8D2B1DE0A000758AE4 /* Home */ = {
			isa = PBXGroup;
			children = (
				F0A02D072B1D140C0028712E /* Views */,
				F0A02D052B1D14070028712E /* ViewModels */,
			);
			path = Home;
			sourceTree = "<group>";
		};
		F0873F8E2B1DE0A900758AE4 /* LocationSearch */ = {
			isa = PBXGroup;
			children = (
				F0873F902B1DE0BC00758AE4 /* View */,
				F0873F8F2B1DE0B700758AE4 /* ViewModel */,
			);
			path = LocationSearch;
			sourceTree = "<group>";
		};
		F0873F8F2B1DE0B700758AE4 /* ViewModel */ = {
			isa = PBXGroup;
			children = (
				F0736B292B1FB273007FC653 /* LocationSearchViewModel.swift */,
			);
			path = ViewModel;
			sourceTree = "<group>";
		};
		F0873F902B1DE0BC00758AE4 /* View */ = {
			isa = PBXGroup;
			children = (
				F0873F912B1DE0CB00758AE4 /* LocationSearchActivationView.swift */,
				F0873F952B1DE31E00758AE4 /* LocationSearchView.swift */,
				F0873F972B1DE4E100758AE4 /* LocationSearchResultCell.swift */,
			);
			path = View;
			sourceTree = "<group>";
		};
		F0A02D002B1D13E20028712E /* Models */ = {
			isa = PBXGroup;
			children = (
			);
			path = Models;
			sourceTree = "<group>";
		};
		F0A02D012B1D13E30028712E /* Managers */ = {
			isa = PBXGroup;
			children = (
				F0A02D0D2B1D15FB0028712E /* LocationManager.swift */,
			);
			path = Managers;
			sourceTree = "<group>";
		};
		F0A02D022B1D13E40028712E /* Extensions */ = {
			isa = PBXGroup;
			children = (
			);
			path = Extensions;
			sourceTree = "<group>";
		};
		F0A02D032B1D13E50028712E /* Core */ = {
			isa = PBXGroup;
			children = (
				F0873F8D2B1DE0A000758AE4 /* Home */,
				F0873F8E2B1DE0A900758AE4 /* LocationSearch */,
			);
			path = Core;
			sourceTree = "<group>";
		};
		F0A02D042B1D13E50028712E /* App */ = {
			isa = PBXGroup;
			children = (
				F03C5CC82B1B581E00A4C281 /* UberApp.swift */,
			);
			path = App;
			sourceTree = "<group>";
		};
		F0A02D052B1D14070028712E /* ViewModels */ = {
			isa = PBXGroup;
			children = (
			);
			path = ViewModels;
			sourceTree = "<group>";
		};
		F0A02D072B1D140C0028712E /* Views */ = {
			isa = PBXGroup;
			children = (
				F0A02D082B1D141D0028712E /* HomeView.swift */,
				F0A02D0B2B1D14710028712E /* UberMapViewRepresentable.swift */,
				F0873F932B1DE1C800758AE4 /* MapViewActionButton.swift */,
			);
			path = Views;
			sourceTree = "<group>";
		};
/* End PBXGroup section */

/* Begin PBXNativeTarget section */
		F03C5CC42B1B581E00A4C281 /* Uber */ = {
			isa = PBXNativeTarget;
			buildConfigurationList = F03C5CD32B1B581E00A4C281 /* Build configuration list for PBXNativeTarget "Uber" */;
			buildPhases = (
				F03C5CC12B1B581E00A4C281 /* Sources */,
				F03C5CC22B1B581E00A4C281 /* Frameworks */,
				F03C5CC32B1B581E00A4C281 /* Resources */,
			);
			buildRules = (
			);
			dependencies = (
			);
			name = Uber;
			productName = Uber;
			productReference = F03C5CC52B1B581E00A4C281 /* Uber.app */;
			productType = "com.apple.product-type.application";
		};
/* End PBXNativeTarget section */

/* Begin PBXProject section */
		F03C5CBD2B1B581E00A4C281 /* Project object */ = {
			isa = PBXProject;
			attributes = {
				BuildIndependentTargetsInParallel = 1;
				LastSwiftUpdateCheck = 1500;
				LastUpgradeCheck = 1500;
				TargetAttributes = {
					F03C5CC42B1B581E00A4C281 = {
						CreatedOnToolsVersion = 15.0;
					};
				};
			};
			buildConfigurationList = F03C5CC02B1B581E00A4C281 /* Build configuration list for PBXProject "Uber" */;
			compatibilityVersion = "Xcode 14.0";
			developmentRegion = en;
			hasScannedForEncodings = 0;
			knownRegions = (
				en,
				Base,
			);
			mainGroup = F03C5CBC2B1B581E00A4C281;
			productRefGroup = F03C5CC62B1B581E00A4C281 /* Products */;
			projectDirPath = "";
			projectRoot = "";
			targets = (
				F03C5CC42B1B581E00A4C281 /* Uber */,
			);
		};
/* End PBXProject section */

/* Begin PBXResourcesBuildPhase section */
		F03C5CC32B1B581E00A4C281 /* Resources */ = {
			isa = PBXResourcesBuildPhase;
			buildActionMask = 2147483647;
			files = (
				F03C5CD02B1B581E00A4C281 /* Preview Assets.xcassets in Resources */,
				F03C5CCD2B1B581E00A4C281 /* Assets.xcassets in Resources */,
			);
			runOnlyForDeploymentPostprocessing = 0;
		};
/* End PBXResourcesBuildPhase section */

/* Begin PBXSourcesBuildPhase section */
		F03C5CC12B1B581E00A4C281 /* Sources */ = {
			isa = PBXSourcesBuildPhase;
			buildActionMask = 2147483647;
			files = (
				F0736B2A2B1FB273007FC653 /* LocationSearchViewModel.swift in Sources */,
				F0873F962B1DE31E00758AE4 /* LocationSearchView.swift in Sources */,
				F0A02D0E2B1D15FB0028712E /* LocationManager.swift in Sources */,
				F0873F942B1DE1C800758AE4 /* MapViewActionButton.swift in Sources */,
				F03C5CC92B1B581E00A4C281 /* UberApp.swift in Sources */,
				F0A02D0C2B1D14710028712E /* UberMapViewRepresentable.swift in Sources */,
				F0A02D092B1D141D0028712E /* HomeView.swift in Sources */,
				F0873F922B1DE0CB00758AE4 /* LocationSearchActivationView.swift in Sources */,
				F0873F982B1DE4E100758AE4 /* LocationSearchResultCell.swift in Sources */,
			);
			runOnlyForDeploymentPostprocessing = 0;
		};
/* End PBXSourcesBuildPhase section */

/* Begin XCBuildConfiguration section */
		F03C5CD12B1B581E00A4C281 /* Debug */ = {
			isa = XCBuildConfiguration;
			buildSettings = {
				ALWAYS_SEARCH_USER_PATHS = NO;
				ASSETCATALOG_COMPILER_GENERATE_SWIFT_ASSET_SYMBOL_EXTENSIONS = YES;
				CLANG_ANALYZER_NONNULL = YES;
				CLANG_ANALYZER_NUMBER_OBJECT_CONVERSION = YES_AGGRESSIVE;
				CLANG_CXX_LANGUAGE_STANDARD = "gnu++20";
				CLANG_ENABLE_MODULES = YES;
				CLANG_ENABLE_OBJC_ARC = YES;
				CLANG_ENABLE_OBJC_WEAK = YES;
				CLANG_WARN_BLOCK_CAPTURE_AUTORELEASING = YES;
				CLANG_WARN_BOOL_CONVERSION = YES;
				CLANG_WARN_COMMA = YES;
				CLANG_WARN_CONSTANT_CONVERSION = YES;
				CLANG_WARN_DEPRECATED_OBJC_IMPLEMENTATIONS = YES;
				CLANG_WARN_DIRECT_OBJC_ISA_USAGE = YES_ERROR;
				CLANG_WARN_DOCUMENTATION_COMMENTS = YES;
				CLANG_WARN_EMPTY_BODY = YES;
				CLANG_WARN_ENUM_CONVERSION = YES;
				CLANG_WARN_INFINITE_RECURSION = YES;
				CLANG_WARN_INT_CONVERSION = YES;
				CLANG_WARN_NON_LITERAL_NULL_CONVERSION = YES;
				CLANG_WARN_OBJC_IMPLICIT_RETAIN_SELF = YES;
				CLANG_WARN_OBJC_LITERAL_CONVERSION = YES;
				CLANG_WARN_OBJC_ROOT_CLASS = YES_ERROR;
				CLANG_WARN_QUOTED_INCLUDE_IN_FRAMEWORK_HEADER = YES;
				CLANG_WARN_RANGE_LOOP_ANALYSIS = YES;
				CLANG_WARN_STRICT_PROTOTYPES = YES;
				CLANG_WARN_SUSPICIOUS_MOVE = YES;
				CLANG_WARN_UNGUARDED_AVAILABILITY = YES_AGGRESSIVE;
				CLANG_WARN_UNREACHABLE_CODE = YES;
				CLANG_WARN__DUPLICATE_METHOD_MATCH = YES;
				COPY_PHASE_STRIP = NO;
				DEBUG_INFORMATION_FORMAT = dwarf;
				ENABLE_STRICT_OBJC_MSGSEND = YES;
				ENABLE_TESTABILITY = YES;
				ENABLE_USER_SCRIPT_SANDBOXING = YES;
				GCC_C_LANGUAGE_STANDARD = gnu17;
				GCC_DYNAMIC_NO_PIC = NO;
				GCC_NO_COMMON_BLOCKS = YES;
				GCC_OPTIMIZATION_LEVEL = 0;
				GCC_PREPROCESSOR_DEFINITIONS = (
					"DEBUG=1",
					"$(inherited)",
				);
				GCC_WARN_64_TO_32_BIT_CONVERSION = YES;
				GCC_WARN_ABOUT_RETURN_TYPE = YES_ERROR;
				GCC_WARN_UNDECLARED_SELECTOR = YES;
				GCC_WARN_UNINITIALIZED_AUTOS = YES_AGGRESSIVE;
				GCC_WARN_UNUSED_FUNCTION = YES;
				GCC_WARN_UNUSED_VARIABLE = YES;
				IPHONEOS_DEPLOYMENT_TARGET = 17.0;
				LOCALIZATION_PREFERS_STRING_CATALOGS = YES;
				MTL_ENABLE_DEBUG_INFO = INCLUDE_SOURCE;
				MTL_FAST_MATH = YES;
				ONLY_ACTIVE_ARCH = YES;
				SDKROOT = iphoneos;
				SWIFT_ACTIVE_COMPILATION_CONDITIONS = "DEBUG $(inherited)";
				SWIFT_OPTIMIZATION_LEVEL = "-Onone";
			};
			name = Debug;
		};
		F03C5CD22B1B581E00A4C281 /* Release */ = {
			isa = XCBuildConfiguration;
			buildSettings = {
				ALWAYS_SEARCH_USER_PATHS = NO;
				ASSETCATALOG_COMPILER_GENERATE_SWIFT_ASSET_SYMBOL_EXTENSIONS = YES;
				CLANG_ANALYZER_NONNULL = YES;
				CLANG_ANALYZER_NUMBER_OBJECT_CONVERSION = YES_AGGRESSIVE;
				CLANG_CXX_LANGUAGE_STANDARD = "gnu++20";
				CLANG_ENABLE_MODULES = YES;
				CLANG_ENABLE_OBJC_ARC = YES;
				CLANG_ENABLE_OBJC_WEAK = YES;
				CLANG_WARN_BLOCK_CAPTURE_AUTORELEASING = YES;
				CLANG_WARN_BOOL_CONVERSION = YES;
				CLANG_WARN_COMMA = YES;
				CLANG_WARN_CONSTANT_CONVERSION = YES;
				CLANG_WARN_DEPRECATED_OBJC_IMPLEMENTATIONS = YES;
				CLANG_WARN_DIRECT_OBJC_ISA_USAGE = YES_ERROR;
				CLANG_WARN_DOCUMENTATION_COMMENTS = YES;
				CLANG_WARN_EMPTY_BODY = YES;
				CLANG_WARN_ENUM_CONVERSION = YES;
				CLANG_WARN_INFINITE_RECURSION = YES;
				CLANG_WARN_INT_CONVERSION = YES;
				CLANG_WARN_NON_LITERAL_NULL_CONVERSION = YES;
				CLANG_WARN_OBJC_IMPLICIT_RETAIN_SELF = YES;
				CLANG_WARN_OBJC_LITERAL_CONVERSION = YES;
				CLANG_WARN_OBJC_ROOT_CLASS = YES_ERROR;
				CLANG_WARN_QUOTED_INCLUDE_IN_FRAMEWORK_HEADER = YES;
				CLANG_WARN_RANGE_LOOP_ANALYSIS = YES;
				CLANG_WARN_STRICT_PROTOTYPES = YES;
				CLANG_WARN_SUSPICIOUS_MOVE = YES;
				CLANG_WARN_UNGUARDED_AVAILABILITY = YES_AGGRESSIVE;
				CLANG_WARN_UNREACHABLE_CODE = YES;
				CLANG_WARN__DUPLICATE_METHOD_MATCH = YES;
				COPY_PHASE_STRIP = NO;
				DEBUG_INFORMATION_FORMAT = "dwarf-with-dsym";
				ENABLE_NS_ASSERTIONS = NO;
				ENABLE_STRICT_OBJC_MSGSEND = YES;
				ENABLE_USER_SCRIPT_SANDBOXING = YES;
				GCC_C_LANGUAGE_STANDARD = gnu17;
				GCC_NO_COMMON_BLOCKS = YES;
				GCC_WARN_64_TO_32_BIT_CONVERSION = YES;
				GCC_WARN_ABOUT_RETURN_TYPE = YES_ERROR;
				GCC_WARN_UNDECLARED_SELECTOR = YES;
				GCC_WARN_UNINITIALIZED_AUTOS = YES_AGGRESSIVE;
				GCC_WARN_UNUSED_FUNCTION = YES;
				GCC_WARN_UNUSED_VARIABLE = YES;
				IPHONEOS_DEPLOYMENT_TARGET = 17.0;
				LOCALIZATION_PREFERS_STRING_CATALOGS = YES;
				MTL_ENABLE_DEBUG_INFO = NO;
				MTL_FAST_MATH = YES;
				SDKROOT = iphoneos;
				SWIFT_COMPILATION_MODE = wholemodule;
				VALIDATE_PRODUCT = YES;
			};
			name = Release;
		};
		F03C5CD42B1B581E00A4C281 /* Debug */ = {
			isa = XCBuildConfiguration;
			buildSettings = {
				ASSETCATALOG_COMPILER_APPICON_NAME = AppIcon;
				ASSETCATALOG_COMPILER_GLOBAL_ACCENT_COLOR_NAME = AccentColor;
				CODE_SIGN_STYLE = Automatic;
				CURRENT_PROJECT_VERSION = 1;
				DEVELOPMENT_ASSET_PATHS = "\"Uber/Preview Content\"";
				DEVELOPMENT_TEAM = 4Y3SF6KR8W;
				ENABLE_PREVIEWS = YES;
				GENERATE_INFOPLIST_FILE = YES;
				INFOPLIST_KEY_NSLocationWhenInUseUsageDescription = "";
				INFOPLIST_KEY_UIApplicationSceneManifest_Generation = YES;
				INFOPLIST_KEY_UIApplicationSupportsIndirectInputEvents = YES;
				INFOPLIST_KEY_UILaunchScreen_Generation = YES;
				INFOPLIST_KEY_UISupportedInterfaceOrientations_iPad = "UIInterfaceOrientationPortrait UIInterfaceOrientationPortraitUpsideDown UIInterfaceOrientationLandscapeLeft UIInterfaceOrientationLandscapeRight";
				INFOPLIST_KEY_UISupportedInterfaceOrientations_iPhone = "UIInterfaceOrientationPortrait UIInterfaceOrientationLandscapeLeft UIInterfaceOrientationLandscapeRight";
				LD_RUNPATH_SEARCH_PATHS = (
					"$(inherited)",
					"@executable_path/Frameworks",
				);
				MARKETING_VERSION = 1.0;
				PRODUCT_BUNDLE_IDENTIFIER = com.vergaraaa.Uber;
				PRODUCT_NAME = "$(TARGET_NAME)";
				SWIFT_EMIT_LOC_STRINGS = YES;
				SWIFT_VERSION = 5.0;
				TARGETED_DEVICE_FAMILY = "1,2";
			};
			name = Debug;
		};
		F03C5CD52B1B581E00A4C281 /* Release */ = {
			isa = XCBuildConfiguration;
			buildSettings = {
				ASSETCATALOG_COMPILER_APPICON_NAME = AppIcon;
				ASSETCATALOG_COMPILER_GLOBAL_ACCENT_COLOR_NAME = AccentColor;
				CODE_SIGN_STYLE = Automatic;
				CURRENT_PROJECT_VERSION = 1;
				DEVELOPMENT_ASSET_PATHS = "\"Uber/Preview Content\"";
				DEVELOPMENT_TEAM = 4Y3SF6KR8W;
				ENABLE_PREVIEWS = YES;
				GENERATE_INFOPLIST_FILE = YES;
				INFOPLIST_KEY_NSLocationWhenInUseUsageDescription = "";
				INFOPLIST_KEY_UIApplicationSceneManifest_Generation = YES;
				INFOPLIST_KEY_UIApplicationSupportsIndirectInputEvents = YES;
				INFOPLIST_KEY_UILaunchScreen_Generation = YES;
				INFOPLIST_KEY_UISupportedInterfaceOrientations_iPad = "UIInterfaceOrientationPortrait UIInterfaceOrientationPortraitUpsideDown UIInterfaceOrientationLandscapeLeft UIInterfaceOrientationLandscapeRight";
				INFOPLIST_KEY_UISupportedInterfaceOrientations_iPhone = "UIInterfaceOrientationPortrait UIInterfaceOrientationLandscapeLeft UIInterfaceOrientationLandscapeRight";
				LD_RUNPATH_SEARCH_PATHS = (
					"$(inherited)",
					"@executable_path/Frameworks",
				);
				MARKETING_VERSION = 1.0;
				PRODUCT_BUNDLE_IDENTIFIER = com.vergaraaa.Uber;
				PRODUCT_NAME = "$(TARGET_NAME)";
				SWIFT_EMIT_LOC_STRINGS = YES;
				SWIFT_VERSION = 5.0;
				TARGETED_DEVICE_FAMILY = "1,2";
			};
			name = Release;
		};
/* End XCBuildConfiguration section */

/* Begin XCConfigurationList section */
		F03C5CC02B1B581E00A4C281 /* Build configuration list for PBXProject "Uber" */ = {
			isa = XCConfigurationList;
			buildConfigurations = (
				F03C5CD12B1B581E00A4C281 /* Debug */,
				F03C5CD22B1B581E00A4C281 /* Release */,
			);
			defaultConfigurationIsVisible = 0;
			defaultConfigurationName = Release;
		};
		F03C5CD32B1B581E00A4C281 /* Build configuration list for PBXNativeTarget "Uber" */ = {
			isa = XCConfigurationList;
			buildConfigurations = (
				F03C5CD42B1B581E00A4C281 /* Debug */,
				F03C5CD52B1B581E00A4C281 /* Release */,
			);
			defaultConfigurationIsVisible = 0;
			defaultConfigurationName = Release;
		};
/* End XCConfigurationList section */
	};
	rootObject = F03C5CBD2B1B581E00A4C281 /* Project object */;
}
